
Microsoft Visual Studio Solution File, Format Version 12.00
# Visual Studio Version 17
VisualStudioVersion = 17.12.35707.178 d17.12
MinimumVisualStudioVersion = 10.0.40219.1
Project("{FAE04EC0-301F-11D3-BF4B-00C04F79EFBC}") = "LibVLCSharp-ChunkTest", "LibVLCSharp-ChunkTest\LibVLCSharp-ChunkTest.csproj", "{46200BD1-6B68-4F71-9DEE-63CA49E77584}"
EndProject
Global
	GlobalSection(SolutionConfigurationPlatforms) = preSolution
		Debug|Any CPU = Debug|Any CPU
		Release|Any CPU = Release|Any CPU
	EndGlobalSection
	GlobalSection(ProjectConfigurationPlatforms) = postSolution
		{46200BD1-6B68-4F71-9DEE-63CA49E77584}.Debug|Any CPU.ActiveCfg = Debug|Any CPU
		{46200BD1-6B68-4F71-9DEE-63CA49E77584}.Debug|Any CPU.Build.0 = Debug|Any CPU
		{46200BD1-6B68-4F71-9DEE-63CA49E77584}.Release|Any CPU.ActiveCfg = Release|Any CPU
		{46200BD1-6B68-4F71-9DEE-63CA49E77584}.Release|Any CPU.Build.0 = Release|Any CPU
	EndGlobalSection
	GlobalSection(SolutionProperties) = preSolution
		HideSolutionNode = FALSE
	EndGlobalSection
EndGlobal
